
Microsoft Visual Studio Solution File, Format Version 12.00
# Visual Studio Version 17
VisualStudioVersion = 17.3.32901.215
MinimumVisualStudioVersion = 10.0.40219.1
Project("{FAE04EC0-301F-11D3-BF4B-00C04F79EFBC}") = "SmartMirror", "SmartMirror.csproj", "{BC750634-470D-47E8-A515-B7D6EFA39995}"
EndProject
Global
	GlobalSection(SolutionConfigurationPlatforms) = preSolution
		Debug|Any CPU = Debug|Any CPU
		Release|Any CPU = Release|Any CPU
	EndGlobalSection
	GlobalSection(ProjectConfigurationPlatforms) = postSolution
		{BC750634-470D-47E8-A515-B7D6EFA39995}.Debug|Any CPU.ActiveCfg = Debug|Any CPU
		{BC750634-470D-47E8-A515-B7D6EFA39995}.Debug|Any CPU.Build.0 = Debug|Any CPU
		{BC750634-470D-47E8-A515-B7D6EFA39995}.Release|Any CPU.ActiveCfg = Release|Any CPU
		{BC750634-470D-47E8-A515-B7D6EFA39995}.Release|Any CPU.Build.0 = Release|Any CPU
	EndGlobalSection
	GlobalSection(SolutionProperties) = preSolution
		HideSolutionNode = FALSE
	EndGlobalSection
	GlobalSection(ExtensibilityGlobals) = postSolution
		SolutionGuid = {4924FB1C-A27D-4F5B-8479-645C183A5E1A}
	EndGlobalSection
EndGlobal
